
Microsoft Visual Studio Solution File, Format Version 12.00
# Visual Studio 15
VisualStudioVersion = 15.0.27703.2042
MinimumVisualStudioVersion = 10.0.40219.1
Project("{FAE04EC0-301F-11D3-BF4B-00C04F79EFBC}") = "ReadMeMagic", "ReadMeMagic\ReadMeMagic.csproj", "{B99AB29C-B4B4-41BE-856C-2042AF3C93E0}"
EndProject
Global
	GlobalSection(SolutionConfigurationPlatforms) = preSolution
		Debug|Any CPU = Debug|Any CPU
		Release|Any CPU = Release|Any CPU
	EndGlobalSection
	GlobalSection(ProjectConfigurationPlatforms) = postSolution
		{B99AB29C-B4B4-41BE-856C-2042AF3C93E0}.Debug|Any CPU.ActiveCfg = Debug|Any CPU
		{B99AB29C-B4B4-41BE-856C-2042AF3C93E0}.Debug|Any CPU.Build.0 = Debug|Any CPU
		{B99AB29C-B4B4-41BE-856C-2042AF3C93E0}.Release|Any CPU.ActiveCfg = Release|Any CPU
		{B99AB29C-B4B4-41BE-856C-2042AF3C93E0}.Release|Any CPU.Build.0 = Release|Any CPU
	EndGlobalSection
	GlobalSection(SolutionProperties) = preSolution
		HideSolutionNode = FALSE
	EndGlobalSection
	GlobalSection(ExtensibilityGlobals) = postSolution
		SolutionGuid = {69D4A0A3-156E-47C4-9BD1-320119772654}
	EndGlobalSection
EndGlobal
